
Microsoft Visual Studio Solution File, Format Version 12.00
# Visual Studio Version 17
VisualStudioVersion = 17.5.33516.290
MinimumVisualStudioVersion = 10.0.40219.1
Project("{FAE04EC0-301F-11D3-BF4B-00C04F79EFBC}") = "ApiPloomes.Domain", "ApiPloomes.Domain\ApiPloomes.Domain.csproj", "{0F76DBFC-2AE9-4E84-B382-92E4C1897C3D}"
EndProject
Project("{FAE04EC0-301F-11D3-BF4B-00C04F79EFBC}") = "ApiPloomes.Application", "ApiPloomes.Application\ApiPloomes.Application.csproj", "{7CF0D8ED-4AB8-4695-ADF7-C5CBB33F5DD5}"
EndProject
Project("{FAE04EC0-301F-11D3-BF4B-00C04F79EFBC}") = "ApiPloomes.Infrastructure", "ApiPloomes.Infrastructure\ApiPloomes.Infrastructure.csproj", "{F004CDD5-65F9-446A-91BB-8F86AE30610B}"
EndProject
Project("{FAE04EC0-301F-11D3-BF4B-00C04F79EFBC}") = "ApiPloomes.CrossCutting", "ApiPloomes.CrossCutting\ApiPloomes.CrossCutting.csproj", "{1B4C8828-9277-4194-823A-6D7C788AEE71}"
EndProject
Project("{FAE04EC0-301F-11D3-BF4B-00C04F79EFBC}") = "ApiPloomes.API", "ApiPloomes.API\ApiPloomes.API.csproj", "{EAD94AC3-427F-40CD-83E8-F4AAC4E441DD}"
EndProject
Global
	GlobalSection(SolutionConfigurationPlatforms) = preSolution
		Debug|Any CPU = Debug|Any CPU
		Release|Any CPU = Release|Any CPU
	EndGlobalSection
	GlobalSection(ProjectConfigurationPlatforms) = postSolution
		{0F76DBFC-2AE9-4E84-B382-92E4C1897C3D}.Debug|Any CPU.ActiveCfg = Debug|Any CPU
		{0F76DBFC-2AE9-4E84-B382-92E4C1897C3D}.Debug|Any CPU.Build.0 = Debug|Any CPU
		{0F76DBFC-2AE9-4E84-B382-92E4C1897C3D}.Release|Any CPU.ActiveCfg = Release|Any CPU
		{0F76DBFC-2AE9-4E84-B382-92E4C1897C3D}.Release|Any CPU.Build.0 = Release|Any CPU
		{7CF0D8ED-4AB8-4695-ADF7-C5CBB33F5DD5}.Debug|Any CPU.ActiveCfg = Debug|Any CPU
		{7CF0D8ED-4AB8-4695-ADF7-C5CBB33F5DD5}.Debug|Any CPU.Build.0 = Debug|Any CPU
		{7CF0D8ED-4AB8-4695-ADF7-C5CBB33F5DD5}.Release|Any CPU.ActiveCfg = Release|Any CPU
		{7CF0D8ED-4AB8-4695-ADF7-C5CBB33F5DD5}.Release|Any CPU.Build.0 = Release|Any CPU
		{F004CDD5-65F9-446A-91BB-8F86AE30610B}.Debug|Any CPU.ActiveCfg = Debug|Any CPU
		{F004CDD5-65F9-446A-91BB-8F86AE30610B}.Debug|Any CPU.Build.0 = Debug|Any CPU
		{F004CDD5-65F9-446A-91BB-8F86AE30610B}.Release|Any CPU.ActiveCfg = Release|Any CPU
		{F004CDD5-65F9-446A-91BB-8F86AE30610B}.Release|Any CPU.Build.0 = Release|Any CPU
		{1B4C8828-9277-4194-823A-6D7C788AEE71}.Debug|Any CPU.ActiveCfg = Debug|Any CPU
		{1B4C8828-9277-4194-823A-6D7C788AEE71}.Debug|Any CPU.Build.0 = Debug|Any CPU
		{1B4C8828-9277-4194-823A-6D7C788AEE71}.Release|Any CPU.ActiveCfg = Release|Any CPU
		{1B4C8828-9277-4194-823A-6D7C788AEE71}.Release|Any CPU.Build.0 = Release|Any CPU
		{EAD94AC3-427F-40CD-83E8-F4AAC4E441DD}.Debug|Any CPU.ActiveCfg = Debug|Any CPU
		{EAD94AC3-427F-40CD-83E8-F4AAC4E441DD}.Debug|Any CPU.Build.0 = Debug|Any CPU
		{EAD94AC3-427F-40CD-83E8-F4AAC4E441DD}.Release|Any CPU.ActiveCfg = Release|Any CPU
		{EAD94AC3-427F-40CD-83E8-F4AAC4E441DD}.Release|Any CPU.Build.0 = Release|Any CPU
	EndGlobalSection
	GlobalSection(SolutionProperties) = preSolution
		HideSolutionNode = FALSE
	EndGlobalSection
	GlobalSection(ExtensibilityGlobals) = postSolution
		SolutionGuid = {9F2BF812-8931-4CBA-9391-690102A4DE97}
	EndGlobalSection
EndGlobal
